{
  "version": 4,
  "terraform_version": "1.9.6",
  "serial": 23,
  "lineage": "0130dda5-56dc-5ae6-9f1a-eab32ca71697",
  "outputs": {},
  "resources": [
    {
      "mode": "managed",
      "type": "azurerm_app_service_plan",
      "name": "asp",
      "provider": "provider[\"registry.terraform.io/hashicorp/azurerm\"]",
      "instances": [
        {
          "schema_version": 0,
          "attributes": {
            "app_service_environment_id": "",
            "id": "/subscriptions/0a2e5e72-17a1-4c3d-a96d-1a1ad8524b79/resourceGroups/myResourceGroup/providers/Microsoft.Web/serverfarms/myAppServicePlan",
            "is_xenon": false,
            "kind": "Windows",
            "location": "westeurope",
            "maximum_elastic_worker_count": 1,
            "maximum_number_of_workers": 1,
            "name": "myAppServicePlan",
            "per_site_scaling": false,
            "reserved": false,
            "resource_group_name": "myResourceGroup",
            "sku": [
              {
                "capacity": 0,
                "size": "F1",
                "tier": "Free"
              }
            ],
            "tags": null,
            "timeouts": null,
            "zone_redundant": false
          },
          "sensitive_attributes": [],
          "private": "eyJlMmJmYjczMC1lY2FhLTExZTYtOGY4OC0zNDM2M2JjN2M0YzAiOnsiY3JlYXRlIjozNjAwMDAwMDAwMDAwLCJkZWxldGUiOjM2MDAwMDAwMDAwMDAsInJlYWQiOjMwMDAwMDAwMDAwMCwidXBkYXRlIjozNjAwMDAwMDAwMDAwfX0=",
          "dependencies": [
            "azurerm_resource_group.rg"
          ]
        }
      ]
    },
    {
      "mode": "managed",
      "type": "azurerm_resource_group",
      "name": "rg",
      "provider": "provider[\"registry.terraform.io/hashicorp/azurerm\"]",
      "instances": [
        {
          "schema_version": 0,
          "attributes": {
            "id": "/subscriptions/0a2e5e72-17a1-4c3d-a96d-1a1ad8524b79/resourceGroups/myResourceGroup",
            "location": "westeurope",
            "name": "myResourceGroup",
            "tags": null,
            "timeouts": null
          },
          "sensitive_attributes": [],
          "private": "eyJlMmJmYjczMC1lY2FhLTExZTYtOGY4OC0zNDM2M2JjN2M0YzAiOnsiY3JlYXRlIjo1NDAwMDAwMDAwMDAwLCJkZWxldGUiOjU0MDAwMDAwMDAwMDAsInJlYWQiOjMwMDAwMDAwMDAwMCwidXBkYXRlIjo1NDAwMDAwMDAwMDAwfX0="
        }
      ]
    }
  ],
  "check_results": null
}
