{
  "version": 4,
  "terraform_version": "1.9.6",
  "serial": 25,
  "lineage": "0130dda5-56dc-5ae6-9f1a-eab32ca71697",
  "outputs": {},
  "resources": [
    {
      "mode": "managed",
      "type": "azurerm_app_service",
      "name": "app",
      "provider": "provider[\"registry.terraform.io/hashicorp/azurerm\"]",
      "instances": [
        {
          "schema_version": 0,
          "attributes": {
            "app_service_plan_id": "/subscriptions/0a2e5e72-17a1-4c3d-a96d-1a1ad8524b79/resourceGroups/myResourceGroup/providers/Microsoft.Web/serverfarms/myAppServicePlan",
            "app_settings": {
              "WEBSITE_NODE_DEFAULT_VERSION": "6.9.1"
            },
            "auth_settings": [
              {
                "active_directory": [],
                "additional_login_params": {},
                "allowed_external_redirect_urls": [],
                "default_provider": "",
                "enabled": false,
                "facebook": [],
                "google": [],
                "issuer": "",
                "microsoft": [],
                "runtime_version": "",
                "token_refresh_extension_hours": 0,
                "token_store_enabled": false,
                "twitter": [],
                "unauthenticated_client_action": ""
              }
            ],
            "backup": [],
            "client_affinity_enabled": false,
            "client_cert_enabled": false,
            "client_cert_mode": "Required",
            "connection_string": [],
            "custom_domain_verification_id": "87A8C6F0820FC3AD954762B185F7454F186399DCC846B773E96635DF2E2AF825",
            "default_site_hostname": "ellamwebapp.azurewebsites.net",
            "enabled": true,
            "https_only": false,
            "id": "/subscriptions/0a2e5e72-17a1-4c3d-a96d-1a1ad8524b79/resourceGroups/myResourceGroup/providers/Microsoft.Web/sites/EllaMWebApp",
            "identity": [],
            "key_vault_reference_identity_id": "SystemAssigned",
            "location": "westeurope",
            "logs": [
              {
                "application_logs": [
                  {
                    "azure_blob_storage": [],
                    "file_system_level": "Off"
                  }
                ],
                "detailed_error_messages_enabled": false,
                "failed_request_tracing_enabled": false,
                "http_logs": [
                  {
                    "azure_blob_storage": [],
                    "file_system": []
                  }
                ]
              }
            ],
            "name": "EllaMWebApp",
            "outbound_ip_address_list": [
              "20.82.32.84",
              "20.101.236.195",
              "20.101.236.225",
              "20.101.237.3",
              "20.82.33.110",
              "20.101.237.4",
              "20.105.232.9"
            ],
            "outbound_ip_addresses": "20.82.32.84,20.101.236.195,20.101.236.225,20.101.237.3,20.82.33.110,20.101.237.4,20.105.232.9",
            "possible_outbound_ip_address_list": [
              "20.82.32.84",
              "20.101.236.195",
              "20.101.236.225",
              "20.101.237.3",
              "20.82.33.110",
              "20.101.237.4",
              "20.101.237.9",
              "20.101.237.10",
              "20.101.237.224",
              "20.101.238.34",
              "20.101.238.138",
              "20.23.96.44",
              "20.23.96.136",
              "20.23.96.172",
              "20.23.96.225",
              "20.23.97.36",
              "20.23.97.46",
              "20.82.34.57",
              "20.23.97.54",
              "20.23.97.69",
              "20.23.97.105",
              "20.23.97.115",
              "20.23.97.138",
              "20.82.33.1",
              "20.23.97.144",
              "20.23.97.146",
              "20.23.97.148",
              "20.23.97.151",
              "20.23.97.153",
              "20.23.98.32",
              "20.105.232.9"
            ],
            "possible_outbound_ip_addresses": "20.82.32.84,20.101.236.195,20.101.236.225,20.101.237.3,20.82.33.110,20.101.237.4,20.101.237.9,20.101.237.10,20.101.237.224,20.101.238.34,20.101.238.138,20.23.96.44,20.23.96.136,20.23.96.172,20.23.96.225,20.23.97.36,20.23.97.46,20.82.34.57,20.23.97.54,20.23.97.69,20.23.97.105,20.23.97.115,20.23.97.138,20.82.33.1,20.23.97.144,20.23.97.146,20.23.97.148,20.23.97.151,20.23.97.153,20.23.98.32,20.105.232.9",
            "resource_group_name": "myResourceGroup",
            "site_config": [
              {
                "acr_use_managed_identity_credentials": false,
                "acr_user_managed_identity_client_id": "",
                "always_on": false,
                "app_command_line": "",
                "auto_swap_slot_name": "",
                "cors": [
                  {
                    "allowed_origins": [],
                    "support_credentials": false
                  }
                ],
                "default_documents": null,
                "dotnet_framework_version": "v4.0",
                "ftps_state": "FtpsOnly",
                "health_check_path": "",
                "http2_enabled": false,
                "ip_restriction": [],
                "java_container": "",
                "java_container_version": "",
                "java_version": "",
                "linux_fx_version": "",
                "local_mysql_enabled": false,
                "managed_pipeline_mode": "Integrated",
                "min_tls_version": "1.2",
                "number_of_workers": 1,
                "php_version": "",
                "python_version": "",
                "remote_debugging_enabled": false,
                "remote_debugging_version": "VS2022",
                "scm_ip_restriction": [],
                "scm_type": "None",
                "scm_use_main_ip_restriction": false,
                "use_32_bit_worker_process": true,
                "vnet_route_all_enabled": false,
                "websockets_enabled": false,
                "windows_fx_version": ""
              }
            ],
            "site_credential": [
              {
                "password": "koiwJGfYC8c3mhv2mkGwcwHfgsloZsvS6gnkiAFMzysf38tlqL8iXxRdxHeE",
                "username": "$EllaMWebApp"
              }
            ],
            "source_control": [
              {
                "branch": "main",
                "manual_integration": false,
                "repo_url": "",
                "rollback_enabled": false,
                "use_mercurial": false
              }
            ],
            "storage_account": [],
            "tags": null,
            "timeouts": null
          },
          "sensitive_attributes": [],
          "private": "eyJlMmJmYjczMC1lY2FhLTExZTYtOGY4OC0zNDM2M2JjN2M0YzAiOnsiY3JlYXRlIjoxODAwMDAwMDAwMDAwLCJkZWxldGUiOjE4MDAwMDAwMDAwMDAsInJlYWQiOjMwMDAwMDAwMDAwMCwidXBkYXRlIjoxODAwMDAwMDAwMDAwfX0=",
          "dependencies": [
            "azurerm_app_service_plan.asp",
            "azurerm_resource_group.rg"
          ]
        }
      ]
    },
    {
      "mode": "managed",
      "type": "azurerm_app_service_plan",
      "name": "asp",
      "provider": "provider[\"registry.terraform.io/hashicorp/azurerm\"]",
      "instances": [
        {
          "schema_version": 0,
          "attributes": {
            "app_service_environment_id": "",
            "id": "/subscriptions/0a2e5e72-17a1-4c3d-a96d-1a1ad8524b79/resourceGroups/myResourceGroup/providers/Microsoft.Web/serverfarms/myAppServicePlan",
            "is_xenon": false,
            "kind": "Windows",
            "location": "westeurope",
            "maximum_elastic_worker_count": 1,
            "maximum_number_of_workers": 1,
            "name": "myAppServicePlan",
            "per_site_scaling": false,
            "reserved": false,
            "resource_group_name": "myResourceGroup",
            "sku": [
              {
                "capacity": 0,
                "size": "F1",
                "tier": "Free"
              }
            ],
            "tags": {},
            "timeouts": null,
            "zone_redundant": false
          },
          "sensitive_attributes": [],
          "private": "eyJlMmJmYjczMC1lY2FhLTExZTYtOGY4OC0zNDM2M2JjN2M0YzAiOnsiY3JlYXRlIjozNjAwMDAwMDAwMDAwLCJkZWxldGUiOjM2MDAwMDAwMDAwMDAsInJlYWQiOjMwMDAwMDAwMDAwMCwidXBkYXRlIjozNjAwMDAwMDAwMDAwfX0=",
          "dependencies": [
            "azurerm_resource_group.rg"
          ]
        }
      ]
    },
    {
      "mode": "managed",
      "type": "azurerm_resource_group",
      "name": "rg",
      "provider": "provider[\"registry.terraform.io/hashicorp/azurerm\"]",
      "instances": [
        {
          "schema_version": 0,
          "attributes": {
            "id": "/subscriptions/0a2e5e72-17a1-4c3d-a96d-1a1ad8524b79/resourceGroups/myResourceGroup",
            "location": "westeurope",
            "name": "myResourceGroup",
            "tags": {},
            "timeouts": null
          },
          "sensitive_attributes": [],
          "private": "eyJlMmJmYjczMC1lY2FhLTExZTYtOGY4OC0zNDM2M2JjN2M0YzAiOnsiY3JlYXRlIjo1NDAwMDAwMDAwMDAwLCJkZWxldGUiOjU0MDAwMDAwMDAwMDAsInJlYWQiOjMwMDAwMDAwMDAwMCwidXBkYXRlIjo1NDAwMDAwMDAwMDAwfX0="
        }
      ]
    }
  ],
  "check_results": null
}
